// !$*UTF8*$!
{
	archiveVersion = 1;
	classes = {
	};
	objectVersion = 55;
	objects = {

/* Begin PBXBuildFile section */
		3F0EC22527B30B6100C14B3F /* AppDelegate.swift in Sources */ = {isa = PBXBuildFile; fileRef = 3F0EC22427B30B6100C14B3F /* AppDelegate.swift */; };
		3F0EC22727B30B6100C14B3F /* SceneDelegate.swift in Sources */ = {isa = PBXBuildFile; fileRef = 3F0EC22627B30B6100C14B3F /* SceneDelegate.swift */; };
		3F0EC22927B30B6100C14B3F /* ViewController.swift in Sources */ = {isa = PBXBuildFile; fileRef = 3F0EC22827B30B6100C14B3F /* ViewController.swift */; };
		3F0EC22C27B30B6100C14B3F /* Main.storyboard in Resources */ = {isa = PBXBuildFile; fileRef = 3F0EC22A27B30B6100C14B3F /* Main.storyboard */; };
		3F0EC22E27B30B6200C14B3F /* Assets.xcassets in Resources */ = {isa = PBXBuildFile; fileRef = 3F0EC22D27B30B6200C14B3F /* Assets.xcassets */; };
		3F0EC23127B30B6200C14B3F /* LaunchScreen.storyboard in Resources */ = {isa = PBXBuildFile; fileRef = 3F0EC22F27B30B6200C14B3F /* LaunchScreen.storyboard */; };
		3F0EC23C27B30B6200C14B3F /* OddandEvenTests.swift in Sources */ = {isa = PBXBuildFile; fileRef = 3F0EC23B27B30B6200C14B3F /* OddandEvenTests.swift */; };
		3F0EC24627B30B6200C14B3F /* OddandEvenUITests.swift in Sources */ = {isa = PBXBuildFile; fileRef = 3F0EC24527B30B6200C14B3F /* OddandEvenUITests.swift */; };
		3F0EC24827B30B6200C14B3F /* OddandEvenUITestsLaunchTests.swift in Sources */ = {isa = PBXBuildFile; fileRef = 3F0EC24727B30B6200C14B3F /* OddandEvenUITestsLaunchTests.swift */; };
/* End PBXBuildFile section */

/* Begin PBXContainerItemProxy section */
		3F0EC23827B30B6200C14B3F /* PBXContainerItemProxy */ = {
			isa = PBXContainerItemProxy;
			containerPortal = 3F0EC21927B30B6000C14B3F /* Project object */;
			proxyType = 1;
			remoteGlobalIDString = 3F0EC22027B30B6100C14B3F;
			remoteInfo = OddandEven;
		};
		3F0EC24227B30B6200C14B3F /* PBXContainerItemProxy */ = {
			isa = PBXContainerItemProxy;
			containerPortal = 3F0EC21927B30B6000C14B3F /* Project object */;
			proxyType = 1;
			remoteGlobalIDString = 3F0EC22027B30B6100C14B3F;
			remoteInfo = OddandEven;
		};
/* End PBXContainerItemProxy section */

/* Begin PBXFileReference section */
		3F0EC22127B30B6100C14B3F /* OddandEven.app */ = {isa = PBXFileReference; explicitFileType = wrapper.application; includeInIndex = 0; path = OddandEven.app; sourceTree = BUILT_PRODUCTS_DIR; };
		3F0EC22427B30B6100C14B3F /* AppDelegate.swift */ = {isa = PBXFileReference; lastKnownFileType = sourcecode.swift; path = AppDelegate.swift; sourceTree = "<group>"; };
		3F0EC22627B30B6100C14B3F /* SceneDelegate.swift */ = {isa = PBXFileReference; lastKnownFileType = sourcecode.swift; path = SceneDelegate.swift; sourceTree = "<group>"; };
		3F0EC22827B30B6100C14B3F /* ViewController.swift */ = {isa = PBXFileReference; lastKnownFileType = sourcecode.swift; path = ViewController.swift; sourceTree = "<group>"; };
		3F0EC22B27B30B6100C14B3F /* Base */ = {isa = PBXFileReference; lastKnownFileType = file.storyboard; name = Base; path = Base.lproj/Main.storyboard; sourceTree = "<group>"; };
		3F0EC22D27B30B6200C14B3F /* Assets.xcassets */ = {isa = PBXFileReference; lastKnownFileType = folder.assetcatalog; path = Assets.xcassets; sourceTree = "<group>"; };
		3F0EC23027B30B6200C14B3F /* Base */ = {isa = PBXFileReference; lastKnownFileType = file.storyboard; name = Base; path = Base.lproj/LaunchScreen.storyboard; sourceTree = "<group>"; };
		3F0EC23227B30B6200C14B3F /* Info.plist */ = {isa = PBXFileReference; lastKnownFileType = text.plist.xml; path = Info.plist; sourceTree = "<group>"; };
		3F0EC23727B30B6200C14B3F /* OddandEvenTests.xctest */ = {isa = PBXFileReference; explicitFileType = wrapper.cfbundle; includeInIndex = 0; path = OddandEvenTests.xctest; sourceTree = BUILT_PRODUCTS_DIR; };
		3F0EC23B27B30B6200C14B3F /* OddandEvenTests.swift */ = {isa = PBXFileReference; lastKnownFileType = sourcecode.swift; path = OddandEvenTests.swift; sourceTree = "<group>"; };
		3F0EC24127B30B6200C14B3F /* OddandEvenUITests.xctest */ = {isa = PBXFileReference; explicitFileType = wrapper.cfbundle; includeInIndex = 0; path = OddandEvenUITests.xctest; sourceTree = BUILT_PRODUCTS_DIR; };
		3F0EC24527B30B6200C14B3F /* OddandEvenUITests.swift */ = {isa = PBXFileReference; lastKnownFileType = sourcecode.swift; path = OddandEvenUITests.swift; sourceTree = "<group>"; };
		3F0EC24727B30B6200C14B3F /* OddandEvenUITestsLaunchTests.swift */ = {isa = PBXFileReference; lastKnownFileType = sourcecode.swift; path = OddandEvenUITestsLaunchTests.swift; sourceTree = "<group>"; };
/* End PBXFileReference section */

/* Begin PBXFrameworksBuildPhase section */
		3F0EC21E27B30B6100C14B3F /* Frameworks */ = {
			isa = PBXFrameworksBuildPhase;
			buildActionMask = 2147483647;
			files = (
			);
			runOnlyForDeploymentPostprocessing = 0;
		};
		3F0EC23427B30B6200C14B3F /* Frameworks */ = {
			isa = PBXFrameworksBuildPhase;
			buildActionMask = 2147483647;
			files = (
			);
			runOnlyForDeploymentPostprocessing = 0;
		};
		3F0EC23E27B30B6200C14B3F /* Frameworks */ = {
			isa = PBXFrameworksBuildPhase;
			buildActionMask = 2147483647;
			files = (
			);
			runOnlyForDeploymentPostprocessing = 0;
		};
/* End PBXFrameworksBuildPhase section */

/* Begin PBXGroup section */
		3F0EC21827B30B6000C14B3F = {
			isa = PBXGroup;
			children = (
				3F0EC22327B30B6100C14B3F /* OddandEven */,
				3F0EC23A27B30B6200C14B3F /* OddandEvenTests */,
				3F0EC24427B30B6200C14B3F /* OddandEvenUITests */,
				3F0EC22227B30B6100C14B3F /* Products */,
			);
			sourceTree = "<group>";
		};
		3F0EC22227B30B6100C14B3F /* Products */ = {
			isa = PBXGroup;
			children = (
				3F0EC22127B30B6100C14B3F /* OddandEven.app */,
				3F0EC23727B30B6200C14B3F /* OddandEvenTests.xctest */,
				3F0EC24127B30B6200C14B3F /* OddandEvenUITests.xctest */,
			);
			name = Products;
			sourceTree = "<group>";
		};
		3F0EC22327B30B6100C14B3F /* OddandEven */ = {
			isa = PBXGroup;
			children = (
				3F0EC22427B30B6100C14B3F /* AppDelegate.swift */,
				3F0EC22627B30B6100C14B3F /* SceneDelegate.swift */,
				3F0EC22827B30B6100C14B3F /* ViewController.swift */,
				3F0EC22A27B30B6100C14B3F /* Main.storyboard */,
				3F0EC22D27B30B6200C14B3F /* Assets.xcassets */,
				3F0EC22F27B30B6200C14B3F /* LaunchScreen.storyboard */,
				3F0EC23227B30B6200C14B3F /* Info.plist */,
			);
			path = OddandEven;
			sourceTree = "<group>";
		};
		3F0EC23A27B30B6200C14B3F /* OddandEvenTests */ = {
			isa = PBXGroup;
			children = (
				3F0EC23B27B30B6200C14B3F /* OddandEvenTests.swift */,
			);
			path = OddandEvenTests;
			sourceTree = "<group>";
		};
		3F0EC24427B30B6200C14B3F /* OddandEvenUITests */ = {
			isa = PBXGroup;
			children = (
				3F0EC24527B30B6200C14B3F /* OddandEvenUITests.swift */,
				3F0EC24727B30B6200C14B3F /* OddandEvenUITestsLaunchTests.swift */,
			);
			path = OddandEvenUITests;
			sourceTree = "<group>";
		};
/* End PBXGroup section */

/* Begin PBXNativeTarget section */
		3F0EC22027B30B6100C14B3F /* OddandEven */ = {
			isa = PBXNativeTarget;
			buildConfigurationList = 3F0EC24B27B30B6200C14B3F /* Build configuration list for PBXNativeTarget "OddandEven" */;
			buildPhases = (
				3F0EC21D27B30B6100C14B3F /* Sources */,
				3F0EC21E27B30B6100C14B3F /* Frameworks */,
				3F0EC21F27B30B6100C14B3F /* Resources */,
			);
			buildRules = (
			);
			dependencies = (
			);
			name = OddandEven;
			productName = OddandEven;
			productReference = 3F0EC22127B30B6100C14B3F /* OddandEven.app */;
			productType = "com.apple.product-type.application";
		};
		3F0EC23627B30B6200C14B3F /* OddandEvenTests */ = {
			isa = PBXNativeTarget;
			buildConfigurationList = 3F0EC24E27B30B6200C14B3F /* Build configuration list for PBXNativeTarget "OddandEvenTests" */;
			buildPhases = (
				3F0EC23327B30B6200C14B3F /* Sources */,
				3F0EC23427B30B6200C14B3F /* Frameworks */,
				3F0EC23527B30B6200C14B3F /* Resources */,
			);
			buildRules = (
			);
			dependencies = (
				3F0EC23927B30B6200C14B3F /* PBXTargetDependency */,
			);
			name = OddandEvenTests;
			productName = OddandEvenTests;
			productReference = 3F0EC23727B30B6200C14B3F /* OddandEvenTests.xctest */;
			productType = "com.apple.product-type.bundle.unit-test";
		};
		3F0EC24027B30B6200C14B3F /* OddandEvenUITests */ = {
			isa = PBXNativeTarget;
			buildConfigurationList = 3F0EC25127B30B6200C14B3F /* Build configuration list for PBXNativeTarget "OddandEvenUITests" */;
			buildPhases = (
				3F0EC23D27B30B6200C14B3F /* Sources */,
				3F0EC23E27B30B6200C14B3F /* Frameworks */,
				3F0EC23F27B30B6200C14B3F /* Resources */,
			);
			buildRules = (
			);
			dependencies = (
				3F0EC24327B30B6200C14B3F /* PBXTargetDependency */,
			);
			name = OddandEvenUITests;
			productName = OddandEvenUITests;
			productReference = 3F0EC24127B30B6200C14B3F /* OddandEvenUITests.xctest */;
			productType = "com.apple.product-type.bundle.ui-testing";
		};
/* End PBXNativeTarget section */

/* Begin PBXProject section */
		3F0EC21927B30B6000C14B3F /* Project object */ = {
			isa = PBXProject;
			attributes = {
				BuildIndependentTargetsInParallel = 1;
				LastSwiftUpdateCheck = 1320;
				LastUpgradeCheck = 1320;
				TargetAttributes = {
					3F0EC22027B30B6100C14B3F = {
						CreatedOnToolsVersion = 13.2.1;
					};
					3F0EC23627B30B6200C14B3F = {
						CreatedOnToolsVersion = 13.2.1;
						TestTargetID = 3F0EC22027B30B6100C14B3F;
					};
					3F0EC24027B30B6200C14B3F = {
						CreatedOnToolsVersion = 13.2.1;
						TestTargetID = 3F0EC22027B30B6100C14B3F;
					};
				};
			};
			buildConfigurationList = 3F0EC21C27B30B6000C14B3F /* Build configuration list for PBXProject "OddandEven" */;
			compatibilityVersion = "Xcode 13.0";
			developmentRegion = en;
			hasScannedForEncodings = 0;
			knownRegions = (
				en,
				Base,
			);
			mainGroup = 3F0EC21827B30B6000C14B3F;
			productRefGroup = 3F0EC22227B30B6100C14B3F /* Products */;
			projectDirPath = "";
			projectRoot = "";
			targets = (
				3F0EC22027B30B6100C14B3F /* OddandEven */,
				3F0EC23627B30B6200C14B3F /* OddandEvenTests */,
				3F0EC24027B30B6200C14B3F /* OddandEvenUITests */,
			);
		};
/* End PBXProject section */

/* Begin PBXResourcesBuildPhase section */
		3F0EC21F27B30B6100C14B3F /* Resources */ = {
			isa = PBXResourcesBuildPhase;
			buildActionMask = 2147483647;
			files = (
				3F0EC23127B30B6200C14B3F /* LaunchScreen.storyboard in Resources */,
				3F0EC22E27B30B6200C14B3F /* Assets.xcassets in Resources */,
				3F0EC22C27B30B6100C14B3F /* Main.storyboard in Resources */,
			);
			runOnlyForDeploymentPostprocessing = 0;
		};
		3F0EC23527B30B6200C14B3F /* Resources */ = {
			isa = PBXResourcesBuildPhase;
			buildActionMask = 2147483647;
			files = (
			);
			runOnlyForDeploymentPostprocessing = 0;
		};
		3F0EC23F27B30B6200C14B3F /* Resources */ = {
			isa = PBXResourcesBuildPhase;
			buildActionMask = 2147483647;
			files = (
			);
			runOnlyForDeploymentPostprocessing = 0;
		};
/* End PBXResourcesBuildPhase section */

/* Begin PBXSourcesBuildPhase section */
		3F0EC21D27B30B6100C14B3F /* Sources */ = {
			isa = PBXSourcesBuildPhase;
			buildActionMask = 2147483647;
			files = (
				3F0EC22927B30B6100C14B3F /* ViewController.swift in Sources */,
				3F0EC22527B30B6100C14B3F /* AppDelegate.swift in Sources */,
				3F0EC22727B30B6100C14B3F /* SceneDelegate.swift in Sources */,
			);
			runOnlyForDeploymentPostprocessing = 0;
		};
		3F0EC23327B30B6200C14B3F /* Sources */ = {
			isa = PBXSourcesBuildPhase;
			buildActionMask = 2147483647;
			files = (
				3F0EC23C27B30B6200C14B3F /* OddandEvenTests.swift in Sources */,
			);
			runOnlyForDeploymentPostprocessing = 0;
		};
		3F0EC23D27B30B6200C14B3F /* Sources */ = {
			isa = PBXSourcesBuildPhase;
			buildActionMask = 2147483647;
			files = (
				3F0EC24827B30B6200C14B3F /* OddandEvenUITestsLaunchTests.swift in Sources */,
				3F0EC24627B30B6200C14B3F /* OddandEvenUITests.swift in Sources */,
			);
			runOnlyForDeploymentPostprocessing = 0;
		};
/* End PBXSourcesBuildPhase section */

/* Begin PBXTargetDependency section */
		3F0EC23927B30B6200C14B3F /* PBXTargetDependency */ = {
			isa = PBXTargetDependency;
			target = 3F0EC22027B30B6100C14B3F /* OddandEven */;
			targetProxy = 3F0EC23827B30B6200C14B3F /* PBXContainerItemProxy */;
		};
		3F0EC24327B30B6200C14B3F /* PBXTargetDependency */ = {
			isa = PBXTargetDependency;
			target = 3F0EC22027B30B6100C14B3F /* OddandEven */;
			targetProxy = 3F0EC24227B30B6200C14B3F /* PBXContainerItemProxy */;
		};
/* End PBXTargetDependency section */

/* Begin PBXVariantGroup section */
		3F0EC22A27B30B6100C14B3F /* Main.storyboard */ = {
			isa = PBXVariantGroup;
			children = (
				3F0EC22B27B30B6100C14B3F /* Base */,
			);
			name = Main.storyboard;
			sourceTree = "<group>";
		};
		3F0EC22F27B30B6200C14B3F /* LaunchScreen.storyboard */ = {
			isa = PBXVariantGroup;
			children = (
				3F0EC23027B30B6200C14B3F /* Base */,
			);
			name = LaunchScreen.storyboard;
			sourceTree = "<group>";
		};
/* End PBXVariantGroup section */

/* Begin XCBuildConfiguration section */
		3F0EC24927B30B6200C14B3F /* Debug */ = {
			isa = XCBuildConfiguration;
			buildSettings = {
				ALWAYS_SEARCH_USER_PATHS = NO;
				CLANG_ANALYZER_NONNULL = YES;
				CLANG_ANALYZER_NUMBER_OBJECT_CONVERSION = YES_AGGRESSIVE;
				CLANG_CXX_LANGUAGE_STANDARD = "gnu++17";
				CLANG_CXX_LIBRARY = "libc++";
				CLANG_ENABLE_MODULES = YES;
				CLANG_ENABLE_OBJC_ARC = YES;
				CLANG_ENABLE_OBJC_WEAK = YES;
				CLANG_WARN_BLOCK_CAPTURE_AUTORELEASING = YES;
				CLANG_WARN_BOOL_CONVERSION = YES;
				CLANG_WARN_COMMA = YES;
				CLANG_WARN_CONSTANT_CONVERSION = YES;
				CLANG_WARN_DEPRECATED_OBJC_IMPLEMENTATIONS = YES;
				CLANG_WARN_DIRECT_OBJC_ISA_USAGE = YES_ERROR;
				CLANG_WARN_DOCUMENTATION_COMMENTS = YES;
				CLANG_WARN_EMPTY_BODY = YES;
				CLANG_WARN_ENUM_CONVERSION = YES;
				CLANG_WARN_INFINITE_RECURSION = YES;
				CLANG_WARN_INT_CONVERSION = YES;
				CLANG_WARN_NON_LITERAL_NULL_CONVERSION = YES;
				CLANG_WARN_OBJC_IMPLICIT_RETAIN_SELF = YES;
				CLANG_WARN_OBJC_LITERAL_CONVERSION = YES;
				CLANG_WARN_OBJC_ROOT_CLASS = YES_ERROR;
				CLANG_WARN_QUOTED_INCLUDE_IN_FRAMEWORK_HEADER = YES;
				CLANG_WARN_RANGE_LOOP_ANALYSIS = YES;
				CLANG_WARN_STRICT_PROTOTYPES = YES;
				CLANG_WARN_SUSPICIOUS_MOVE = YES;
				CLANG_WARN_UNGUARDED_AVAILABILITY = YES_AGGRESSIVE;
				CLANG_WARN_UNREACHABLE_CODE = YES;
				CLANG_WARN__DUPLICATE_METHOD_MATCH = YES;
				COPY_PHASE_STRIP = NO;
				DEBUG_INFORMATION_FORMAT = dwarf;
				ENABLE_STRICT_OBJC_MSGSEND = YES;
				ENABLE_TESTABILITY = YES;
				GCC_C_LANGUAGE_STANDARD = gnu11;
				GCC_DYNAMIC_NO_PIC = NO;
				GCC_NO_COMMON_BLOCKS = YES;
				GCC_OPTIMIZATION_LEVEL = 0;
				GCC_PREPROCESSOR_DEFINITIONS = (
					"DEBUG=1",
					"$(inherited)",
				);
				GCC_WARN_64_TO_32_BIT_CONVERSION = YES;
				GCC_WARN_ABOUT_RETURN_TYPE = YES_ERROR;
				GCC_WARN_UNDECLARED_SELECTOR = YES;
				GCC_WARN_UNINITIALIZED_AUTOS = YES_AGGRESSIVE;
				GCC_WARN_UNUSED_FUNCTION = YES;
				GCC_WARN_UNUSED_VARIABLE = YES;
				IPHONEOS_DEPLOYMENT_TARGET = 15.2;
				MTL_ENABLE_DEBUG_INFO = INCLUDE_SOURCE;
				MTL_FAST_MATH = YES;
				ONLY_ACTIVE_ARCH = YES;
				SDKROOT = iphoneos;
				SWIFT_ACTIVE_COMPILATION_CONDITIONS = DEBUG;
				SWIFT_OPTIMIZATION_LEVEL = "-Onone";
			};
			name = Debug;
		};
		3F0EC24A27B30B6200C14B3F /* Release */ = {
			isa = XCBuildConfiguration;
			buildSettings = {
				ALWAYS_SEARCH_USER_PATHS = NO;
				CLANG_ANALYZER_NONNULL = YES;
				CLANG_ANALYZER_NUMBER_OBJECT_CONVERSION = YES_AGGRESSIVE;
				CLANG_CXX_LANGUAGE_STANDARD = "gnu++17";
				CLANG_CXX_LIBRARY = "libc++";
				CLANG_ENABLE_MODULES = YES;
				CLANG_ENABLE_OBJC_ARC = YES;
				CLANG_ENABLE_OBJC_WEAK = YES;
				CLANG_WARN_BLOCK_CAPTURE_AUTORELEASING = YES;
				CLANG_WARN_BOOL_CONVERSION = YES;
				CLANG_WARN_COMMA = YES;
				CLANG_WARN_CONSTANT_CONVERSION = YES;
				CLANG_WARN_DEPRECATED_OBJC_IMPLEMENTATIONS = YES;
				CLANG_WARN_DIRECT_OBJC_ISA_USAGE = YES_ERROR;
				CLANG_WARN_DOCUMENTATION_COMMENTS = YES;
				CLANG_WARN_EMPTY_BODY = YES;
				CLANG_WARN_ENUM_CONVERSION = YES;
				CLANG_WARN_INFINITE_RECURSION = YES;
				CLANG_WARN_INT_CONVERSION = YES;
				CLANG_WARN_NON_LITERAL_NULL_CONVERSION = YES;
				CLANG_WARN_OBJC_IMPLICIT_RETAIN_SELF = YES;
				CLANG_WARN_OBJC_LITERAL_CONVERSION = YES;
				CLANG_WARN_OBJC_ROOT_CLASS = YES_ERROR;
				CLANG_WARN_QUOTED_INCLUDE_IN_FRAMEWORK_HEADER = YES;
				CLANG_WARN_RANGE_LOOP_ANALYSIS = YES;
				CLANG_WARN_STRICT_PROTOTYPES = YES;
				CLANG_WARN_SUSPICIOUS_MOVE = YES;
				CLANG_WARN_UNGUARDED_AVAILABILITY = YES_AGGRESSIVE;
				CLANG_WARN_UNREACHABLE_CODE = YES;
				CLANG_WARN__DUPLICATE_METHOD_MATCH = YES;
				COPY_PHASE_STRIP = NO;
				DEBUG_INFORMATION_FORMAT = "dwarf-with-dsym";
				ENABLE_NS_ASSERTIONS = NO;
				ENABLE_STRICT_OBJC_MSGSEND = YES;
				GCC_C_LANGUAGE_STANDARD = gnu11;
				GCC_NO_COMMON_BLOCKS = YES;
				GCC_WARN_64_TO_32_BIT_CONVERSION = YES;
				GCC_WARN_ABOUT_RETURN_TYPE = YES_ERROR;
				GCC_WARN_UNDECLARED_SELECTOR = YES;
				GCC_WARN_UNINITIALIZED_AUTOS = YES_AGGRESSIVE;
				GCC_WARN_UNUSED_FUNCTION = YES;
				GCC_WARN_UNUSED_VARIABLE = YES;
				IPHONEOS_DEPLOYMENT_TARGET = 15.2;
				MTL_ENABLE_DEBUG_INFO = NO;
				MTL_FAST_MATH = YES;
				SDKROOT = iphoneos;
				SWIFT_COMPILATION_MODE = wholemodule;
				SWIFT_OPTIMIZATION_LEVEL = "-O";
				VALIDATE_PRODUCT = YES;
			};
			name = Release;
		};
		3F0EC24C27B30B6200C14B3F /* Debug */ = {
			isa = XCBuildConfiguration;
			buildSettings = {
				ASSETCATALOG_COMPILER_APPICON_NAME = AppIcon;
				ASSETCATALOG_COMPILER_GLOBAL_ACCENT_COLOR_NAME = AccentColor;
				CODE_SIGN_STYLE = Automatic;
				CURRENT_PROJECT_VERSION = 1;
				GENERATE_INFOPLIST_FILE = YES;
				INFOPLIST_FILE = OddandEven/Info.plist;
				INFOPLIST_KEY_UIApplicationSupportsIndirectInputEvents = YES;
				INFOPLIST_KEY_UILaunchStoryboardName = LaunchScreen;
				INFOPLIST_KEY_UIMainStoryboardFile = Main;
				INFOPLIST_KEY_UISupportedInterfaceOrientations_iPad = "UIInterfaceOrientationPortrait UIInterfaceOrientationPortraitUpsideDown UIInterfaceOrientationLandscapeLeft UIInterfaceOrientationLandscapeRight";
				INFOPLIST_KEY_UISupportedInterfaceOrientations_iPhone = "UIInterfaceOrientationPortrait UIInterfaceOrientationLandscapeLeft UIInterfaceOrientationLandscapeRight";
				LD_RUNPATH_SEARCH_PATHS = (
					"$(inherited)",
					"@executable_path/Frameworks",
				);
				MARKETING_VERSION = 1.0;
				PRODUCT_BUNDLE_IDENTIFIER = nwmsu.OddandEven;
				PRODUCT_NAME = "$(TARGET_NAME)";
				SWIFT_EMIT_LOC_STRINGS = YES;
				SWIFT_VERSION = 5.0;
				TARGETED_DEVICE_FAMILY = "1,2";
			};
			name = Debug;
		};
		3F0EC24D27B30B6200C14B3F /* Release */ = {
			isa = XCBuildConfiguration;
			buildSettings = {
				ASSETCATALOG_COMPILER_APPICON_NAME = AppIcon;
				ASSETCATALOG_COMPILER_GLOBAL_ACCENT_COLOR_NAME = AccentColor;
				CODE_SIGN_STYLE = Automatic;
				CURRENT_PROJECT_VERSION = 1;
				GENERATE_INFOPLIST_FILE = YES;
				INFOPLIST_FILE = OddandEven/Info.plist;
				INFOPLIST_KEY_UIApplicationSupportsIndirectInputEvents = YES;
				INFOPLIST_KEY_UILaunchStoryboardName = LaunchScreen;
				INFOPLIST_KEY_UIMainStoryboardFile = Main;
				INFOPLIST_KEY_UISupportedInterfaceOrientations_iPad = "UIInterfaceOrientationPortrait UIInterfaceOrientationPortraitUpsideDown UIInterfaceOrientationLandscapeLeft UIInterfaceOrientationLandscapeRight";
				INFOPLIST_KEY_UISupportedInterfaceOrientations_iPhone = "UIInterfaceOrientationPortrait UIInterfaceOrientationLandscapeLeft UIInterfaceOrientationLandscapeRight";
				LD_RUNPATH_SEARCH_PATHS = (
					"$(inherited)",
					"@executable_path/Frameworks",
				);
				MARKETING_VERSION = 1.0;
				PRODUCT_BUNDLE_IDENTIFIER = nwmsu.OddandEven;
				PRODUCT_NAME = "$(TARGET_NAME)";
				SWIFT_EMIT_LOC_STRINGS = YES;
				SWIFT_VERSION = 5.0;
				TARGETED_DEVICE_FAMILY = "1,2";
			};
			name = Release;
		};
		3F0EC24F27B30B6200C14B3F /* Debug */ = {
			isa = XCBuildConfiguration;
			buildSettings = {
				ALWAYS_EMBED_SWIFT_STANDARD_LIBRARIES = YES;
				BUNDLE_LOADER = "$(TEST_HOST)";
				CODE_SIGN_STYLE = Automatic;
				CURRENT_PROJECT_VERSION = 1;
				GENERATE_INFOPLIST_FILE = YES;
				IPHONEOS_DEPLOYMENT_TARGET = 15.2;
				MARKETING_VERSION = 1.0;
				PRODUCT_BUNDLE_IDENTIFIER = nwmsu.OddandEvenTests;
				PRODUCT_NAME = "$(TARGET_NAME)";
				SWIFT_EMIT_LOC_STRINGS = NO;
				SWIFT_VERSION = 5.0;
				TARGETED_DEVICE_FAMILY = "1,2";
				TEST_HOST = "$(BUILT_PRODUCTS_DIR)/OddandEven.app/OddandEven";
			};
			name = Debug;
		};
		3F0EC25027B30B6200C14B3F /* Release */ = {
			isa = XCBuildConfiguration;
			buildSettings = {
				ALWAYS_EMBED_SWIFT_STANDARD_LIBRARIES = YES;
				BUNDLE_LOADER = "$(TEST_HOST)";
				CODE_SIGN_STYLE = Automatic;
				CURRENT_PROJECT_VERSION = 1;
				GENERATE_INFOPLIST_FILE = YES;
				IPHONEOS_DEPLOYMENT_TARGET = 15.2;
				MARKETING_VERSION = 1.0;
				PRODUCT_BUNDLE_IDENTIFIER = nwmsu.OddandEvenTests;
				PRODUCT_NAME = "$(TARGET_NAME)";
				SWIFT_EMIT_LOC_STRINGS = NO;
				SWIFT_VERSION = 5.0;
				TARGETED_DEVICE_FAMILY = "1,2";
				TEST_HOST = "$(BUILT_PRODUCTS_DIR)/OddandEven.app/OddandEven";
			};
			name = Release;
		};
		3F0EC25227B30B6200C14B3F /* Debug */ = {
			isa = XCBuildConfiguration;
			buildSettings = {
				ALWAYS_EMBED_SWIFT_STANDARD_LIBRARIES = YES;
				CODE_SIGN_STYLE = Automatic;
				CURRENT_PROJECT_VERSION = 1;
				GENERATE_INFOPLIST_FILE = YES;
				MARKETING_VERSION = 1.0;
				PRODUCT_BUNDLE_IDENTIFIER = nwmsu.OddandEvenUITests;
				PRODUCT_NAME = "$(TARGET_NAME)";
				SWIFT_EMIT_LOC_STRINGS = NO;
				SWIFT_VERSION = 5.0;
				TARGETED_DEVICE_FAMILY = "1,2";
				TEST_TARGET_NAME = OddandEven;
			};
			name = Debug;
		};
		3F0EC25327B30B6200C14B3F /* Release */ = {
			isa = XCBuildConfiguration;
			buildSettings = {
				ALWAYS_EMBED_SWIFT_STANDARD_LIBRARIES = YES;
				CODE_SIGN_STYLE = Automatic;
				CURRENT_PROJECT_VERSION = 1;
				GENERATE_INFOPLIST_FILE = YES;
				MARKETING_VERSION = 1.0;
				PRODUCT_BUNDLE_IDENTIFIER = nwmsu.OddandEvenUITests;
				PRODUCT_NAME = "$(TARGET_NAME)";
				SWIFT_EMIT_LOC_STRINGS = NO;
				SWIFT_VERSION = 5.0;
				TARGETED_DEVICE_FAMILY = "1,2";
				TEST_TARGET_NAME = OddandEven;
			};
			name = Release;
		};
/* End XCBuildConfiguration section */

/* Begin XCConfigurationList section */
		3F0EC21C27B30B6000C14B3F /* Build configuration list for PBXProject "OddandEven" */ = {
			isa = XCConfigurationList;
			buildConfigurations = (
				3F0EC24927B30B6200C14B3F /* Debug */,
				3F0EC24A27B30B6200C14B3F /* Release */,
			);
			defaultConfigurationIsVisible = 0;
			defaultConfigurationName = Release;
		};
		3F0EC24B27B30B6200C14B3F /* Build configuration list for PBXNativeTarget "OddandEven" */ = {
			isa = XCConfigurationList;
			buildConfigurations = (
				3F0EC24C27B30B6200C14B3F /* Debug */,
				3F0EC24D27B30B6200C14B3F /* Release */,
			);
			defaultConfigurationIsVisible = 0;
			defaultConfigurationName = Release;
		};
		3F0EC24E27B30B6200C14B3F /* Build configuration list for PBXNativeTarget "OddandEvenTests" */ = {
			isa = XCConfigurationList;
			buildConfigurations = (
				3F0EC24F27B30B6200C14B3F /* Debug */,
				3F0EC25027B30B6200C14B3F /* Release */,
			);
			defaultConfigurationIsVisible = 0;
			defaultConfigurationName = Release;
		};
		3F0EC25127B30B6200C14B3F /* Build configuration list for PBXNativeTarget "OddandEvenUITests" */ = {
			isa = XCConfigurationList;
			buildConfigurations = (
				3F0EC25227B30B6200C14B3F /* Debug */,
				3F0EC25327B30B6200C14B3F /* Release */,
			);
			defaultConfigurationIsVisible = 0;
			defaultConfigurationName = Release;
		};
/* End XCConfigurationList section */
	};
	rootObject = 3F0EC21927B30B6000C14B3F /* Project object */;
}
